// !$*UTF8*$!
{
	archiveVersion = 1;
	classes = {
	};
	objectVersion = 50;
	objects = {

/* Begin PBXBuildFile section */
		4AD4B82A22F46F2E0087C5B4 /* AppDelegate.swift in Sources */ = {isa = PBXBuildFile; fileRef = 4AD4B82922F46F2E0087C5B4 /* AppDelegate.swift */; };
		4AD4B82C22F46F2E0087C5B4 /* ViewController.swift in Sources */ = {isa = PBXBuildFile; fileRef = 4AD4B82B22F46F2E0087C5B4 /* ViewController.swift */; };
		4AD4B82F22F46F2E0087C5B4 /* Main.storyboard in Resources */ = {isa = PBXBuildFile; fileRef = 4AD4B82D22F46F2E0087C5B4 /* Main.storyboard */; };
		4AD4B83122F46F310087C5B4 /* Assets.xcassets in Resources */ = {isa = PBXBuildFile; fileRef = 4AD4B83022F46F310087C5B4 /* Assets.xcassets */; };
		4AD4B83422F46F310087C5B4 /* LaunchScreen.storyboard in Resources */ = {isa = PBXBuildFile; fileRef = 4AD4B83222F46F310087C5B4 /* LaunchScreen.storyboard */; };
		4AD4B83F22F46F310087C5B4 /* PortraitEffectsMatteSampleTests.swift in Sources */ = {isa = PBXBuildFile; fileRef = 4AD4B83E22F46F310087C5B4 /* PortraitEffectsMatteSampleTests.swift */; };
/* End PBXBuildFile section */

/* Begin PBXContainerItemProxy section */
		4AD4B83B22F46F310087C5B4 /* PBXContainerItemProxy */ = {
			isa = PBXContainerItemProxy;
			containerPortal = 4AD4B81E22F46F2E0087C5B4 /* Project object */;
			proxyType = 1;
			remoteGlobalIDString = 4AD4B82522F46F2E0087C5B4;
			remoteInfo = PortraitEffectsMatteSample;
		};
/* End PBXContainerItemProxy section */

/* Begin PBXFileReference section */
		4AD4B82622F46F2E0087C5B4 /* PortraitEffectsMatteSample.app */ = {isa = PBXFileReference; explicitFileType = wrapper.application; includeInIndex = 0; path = PortraitEffectsMatteSample.app; sourceTree = BUILT_PRODUCTS_DIR; };
		4AD4B82922F46F2E0087C5B4 /* AppDelegate.swift */ = {isa = PBXFileReference; lastKnownFileType = sourcecode.swift; path = AppDelegate.swift; sourceTree = "<group>"; };
		4AD4B82B22F46F2E0087C5B4 /* ViewController.swift */ = {isa = PBXFileReference; lastKnownFileType = sourcecode.swift; path = ViewController.swift; sourceTree = "<group>"; };
		4AD4B82E22F46F2E0087C5B4 /* Base */ = {isa = PBXFileReference; lastKnownFileType = file.storyboard; name = Base; path = Base.lproj/Main.storyboard; sourceTree = "<group>"; };
		4AD4B83022F46F310087C5B4 /* Assets.xcassets */ = {isa = PBXFileReference; lastKnownFileType = folder.assetcatalog; path = Assets.xcassets; sourceTree = "<group>"; };
		4AD4B83322F46F310087C5B4 /* Base */ = {isa = PBXFileReference; lastKnownFileType = file.storyboard; name = Base; path = Base.lproj/LaunchScreen.storyboard; sourceTree = "<group>"; };
		4AD4B83522F46F310087C5B4 /* Info.plist */ = {isa = PBXFileReference; lastKnownFileType = text.plist.xml; path = Info.plist; sourceTree = "<group>"; };
		4AD4B83A22F46F310087C5B4 /* PortraitEffectsMatteSampleTests.xctest */ = {isa = PBXFileReference; explicitFileType = wrapper.cfbundle; includeInIndex = 0; path = PortraitEffectsMatteSampleTests.xctest; sourceTree = BUILT_PRODUCTS_DIR; };
		4AD4B83E22F46F310087C5B4 /* PortraitEffectsMatteSampleTests.swift */ = {isa = PBXFileReference; lastKnownFileType = sourcecode.swift; path = PortraitEffectsMatteSampleTests.swift; sourceTree = "<group>"; };
		4AD4B84022F46F310087C5B4 /* Info.plist */ = {isa = PBXFileReference; lastKnownFileType = text.plist.xml; path = Info.plist; sourceTree = "<group>"; };
/* End PBXFileReference section */

/* Begin PBXFrameworksBuildPhase section */
		4AD4B82322F46F2E0087C5B4 /* Frameworks */ = {
			isa = PBXFrameworksBuildPhase;
			buildActionMask = 2147483647;
			files = (
			);
			runOnlyForDeploymentPostprocessing = 0;
		};
		4AD4B83722F46F310087C5B4 /* Frameworks */ = {
			isa = PBXFrameworksBuildPhase;
			buildActionMask = 2147483647;
			files = (
			);
			runOnlyForDeploymentPostprocessing = 0;
		};
/* End PBXFrameworksBuildPhase section */

/* Begin PBXGroup section */
		4AD4B81D22F46F2E0087C5B4 = {
			isa = PBXGroup;
			children = (
				4AD4B82822F46F2E0087C5B4 /* PortraitEffectsMatteSample */,
				4AD4B83D22F46F310087C5B4 /* PortraitEffectsMatteSampleTests */,
				4AD4B82722F46F2E0087C5B4 /* Products */,
			);
			sourceTree = "<group>";
		};
		4AD4B82722F46F2E0087C5B4 /* Products */ = {
			isa = PBXGroup;
			children = (
				4AD4B82622F46F2E0087C5B4 /* PortraitEffectsMatteSample.app */,
				4AD4B83A22F46F310087C5B4 /* PortraitEffectsMatteSampleTests.xctest */,
			);
			name = Products;
			sourceTree = "<group>";
		};
		4AD4B82822F46F2E0087C5B4 /* PortraitEffectsMatteSample */ = {
			isa = PBXGroup;
			children = (
				4AD4B82922F46F2E0087C5B4 /* AppDelegate.swift */,
				4AD4B82B22F46F2E0087C5B4 /* ViewController.swift */,
				4AD4B82D22F46F2E0087C5B4 /* Main.storyboard */,
				4AD4B83022F46F310087C5B4 /* Assets.xcassets */,
				4AD4B83222F46F310087C5B4 /* LaunchScreen.storyboard */,
				4AD4B83522F46F310087C5B4 /* Info.plist */,
			);
			path = PortraitEffectsMatteSample;
			sourceTree = "<group>";
		};
		4AD4B83D22F46F310087C5B4 /* PortraitEffectsMatteSampleTests */ = {
			isa = PBXGroup;
			children = (
				4AD4B83E22F46F310087C5B4 /* PortraitEffectsMatteSampleTests.swift */,
				4AD4B84022F46F310087C5B4 /* Info.plist */,
			);
			path = PortraitEffectsMatteSampleTests;
			sourceTree = "<group>";
		};
/* End PBXGroup section */

/* Begin PBXNativeTarget section */
		4AD4B82522F46F2E0087C5B4 /* PortraitEffectsMatteSample */ = {
			isa = PBXNativeTarget;
			buildConfigurationList = 4AD4B84322F46F310087C5B4 /* Build configuration list for PBXNativeTarget "PortraitEffectsMatteSample" */;
			buildPhases = (
				4AD4B82222F46F2E0087C5B4 /* Sources */,
				4AD4B82322F46F2E0087C5B4 /* Frameworks */,
				4AD4B82422F46F2E0087C5B4 /* Resources */,
			);
			buildRules = (
			);
			dependencies = (
			);
			name = PortraitEffectsMatteSample;
			productName = PortraitEffectsMatteSample;
			productReference = 4AD4B82622F46F2E0087C5B4 /* PortraitEffectsMatteSample.app */;
			productType = "com.apple.product-type.application";
		};
		4AD4B83922F46F310087C5B4 /* PortraitEffectsMatteSampleTests */ = {
			isa = PBXNativeTarget;
			buildConfigurationList = 4AD4B84622F46F310087C5B4 /* Build configuration list for PBXNativeTarget "PortraitEffectsMatteSampleTests" */;
			buildPhases = (
				4AD4B83622F46F310087C5B4 /* Sources */,
				4AD4B83722F46F310087C5B4 /* Frameworks */,
				4AD4B83822F46F310087C5B4 /* Resources */,
			);
			buildRules = (
			);
			dependencies = (
				4AD4B83C22F46F310087C5B4 /* PBXTargetDependency */,
			);
			name = PortraitEffectsMatteSampleTests;
			productName = PortraitEffectsMatteSampleTests;
			productReference = 4AD4B83A22F46F310087C5B4 /* PortraitEffectsMatteSampleTests.xctest */;
			productType = "com.apple.product-type.bundle.unit-test";
		};
/* End PBXNativeTarget section */

/* Begin PBXProject section */
		4AD4B81E22F46F2E0087C5B4 /* Project object */ = {
			isa = PBXProject;
			attributes = {
				LastSwiftUpdateCheck = 1020;
				LastUpgradeCheck = 1020;
				ORGANIZATIONNAME = "田中健太";
				TargetAttributes = {
					4AD4B82522F46F2E0087C5B4 = {
						CreatedOnToolsVersion = 10.2.1;
					};
					4AD4B83922F46F310087C5B4 = {
						CreatedOnToolsVersion = 10.2.1;
						TestTargetID = 4AD4B82522F46F2E0087C5B4;
					};
				};
			};
			buildConfigurationList = 4AD4B82122F46F2E0087C5B4 /* Build configuration list for PBXProject "PortraitEffectsMatteSample" */;
			compatibilityVersion = "Xcode 9.3";
			developmentRegion = en;
			hasScannedForEncodings = 0;
			knownRegions = (
				en,
				Base,
			);
			mainGroup = 4AD4B81D22F46F2E0087C5B4;
			productRefGroup = 4AD4B82722F46F2E0087C5B4 /* Products */;
			projectDirPath = "";
			projectRoot = "";
			targets = (
				4AD4B82522F46F2E0087C5B4 /* PortraitEffectsMatteSample */,
				4AD4B83922F46F310087C5B4 /* PortraitEffectsMatteSampleTests */,
			);
		};
/* End PBXProject section */

/* Begin PBXResourcesBuildPhase section */
		4AD4B82422F46F2E0087C5B4 /* Resources */ = {
			isa = PBXResourcesBuildPhase;
			buildActionMask = 2147483647;
			files = (
				4AD4B83422F46F310087C5B4 /* LaunchScreen.storyboard in Resources */,
				4AD4B83122F46F310087C5B4 /* Assets.xcassets in Resources */,
				4AD4B82F22F46F2E0087C5B4 /* Main.storyboard in Resources */,
			);
			runOnlyForDeploymentPostprocessing = 0;
		};
		4AD4B83822F46F310087C5B4 /* Resources */ = {
			isa = PBXResourcesBuildPhase;
			buildActionMask = 2147483647;
			files = (
			);
			runOnlyForDeploymentPostprocessing = 0;
		};
/* End PBXResourcesBuildPhase section */

/* Begin PBXSourcesBuildPhase section */
		4AD4B82222F46F2E0087C5B4 /* Sources */ = {
			isa = PBXSourcesBuildPhase;
			buildActionMask = 2147483647;
			files = (
				4AD4B82C22F46F2E0087C5B4 /* ViewController.swift in Sources */,
				4AD4B82A22F46F2E0087C5B4 /* AppDelegate.swift in Sources */,
			);
			runOnlyForDeploymentPostprocessing = 0;
		};
		4AD4B83622F46F310087C5B4 /* Sources */ = {
			isa = PBXSourcesBuildPhase;
			buildActionMask = 2147483647;
			files = (
				4AD4B83F22F46F310087C5B4 /* PortraitEffectsMatteSampleTests.swift in Sources */,
			);
			runOnlyForDeploymentPostprocessing = 0;
		};
/* End PBXSourcesBuildPhase section */

/* Begin PBXTargetDependency section */
		4AD4B83C22F46F310087C5B4 /* PBXTargetDependency */ = {
			isa = PBXTargetDependency;
			target = 4AD4B82522F46F2E0087C5B4 /* PortraitEffectsMatteSample */;
			targetProxy = 4AD4B83B22F46F310087C5B4 /* PBXContainerItemProxy */;
		};
/* End PBXTargetDependency section */

/* Begin PBXVariantGroup section */
		4AD4B82D22F46F2E0087C5B4 /* Main.storyboard */ = {
			isa = PBXVariantGroup;
			children = (
				4AD4B82E22F46F2E0087C5B4 /* Base */,
			);
			name = Main.storyboard;
			sourceTree = "<group>";
		};
		4AD4B83222F46F310087C5B4 /* LaunchScreen.storyboard */ = {
			isa = PBXVariantGroup;
			children = (
				4AD4B83322F46F310087C5B4 /* Base */,
			);
			name = LaunchScreen.storyboard;
			sourceTree = "<group>";
		};
/* End PBXVariantGroup section */

/* Begin XCBuildConfiguration section */
		4AD4B84122F46F310087C5B4 /* Debug */ = {
			isa = XCBuildConfiguration;
			buildSettings = {
				ALWAYS_SEARCH_USER_PATHS = NO;
				CLANG_ANALYZER_NONNULL = YES;
				CLANG_ANALYZER_NUMBER_OBJECT_CONVERSION = YES_AGGRESSIVE;
				CLANG_CXX_LANGUAGE_STANDARD = "gnu++14";
				CLANG_CXX_LIBRARY = "libc++";
				CLANG_ENABLE_MODULES = YES;
				CLANG_ENABLE_OBJC_ARC = YES;
				CLANG_ENABLE_OBJC_WEAK = YES;
				CLANG_WARN_BLOCK_CAPTURE_AUTORELEASING = YES;
				CLANG_WARN_BOOL_CONVERSION = YES;
				CLANG_WARN_COMMA = YES;
				CLANG_WARN_CONSTANT_CONVERSION = YES;
				CLANG_WARN_DEPRECATED_OBJC_IMPLEMENTATIONS = YES;
				CLANG_WARN_DIRECT_OBJC_ISA_USAGE = YES_ERROR;
				CLANG_WARN_DOCUMENTATION_COMMENTS = YES;
				CLANG_WARN_EMPTY_BODY = YES;
				CLANG_WARN_ENUM_CONVERSION = YES;
				CLANG_WARN_INFINITE_RECURSION = YES;
				CLANG_WARN_INT_CONVERSION = YES;
				CLANG_WARN_NON_LITERAL_NULL_CONVERSION = YES;
				CLANG_WARN_OBJC_IMPLICIT_RETAIN_SELF = YES;
				CLANG_WARN_OBJC_LITERAL_CONVERSION = YES;
				CLANG_WARN_OBJC_ROOT_CLASS = YES_ERROR;
				CLANG_WARN_RANGE_LOOP_ANALYSIS = YES;
				CLANG_WARN_STRICT_PROTOTYPES = YES;
				CLANG_WARN_SUSPICIOUS_MOVE = YES;
				CLANG_WARN_UNGUARDED_AVAILABILITY = YES_AGGRESSIVE;
				CLANG_WARN_UNREACHABLE_CODE = YES;
				CLANG_WARN__DUPLICATE_METHOD_MATCH = YES;
				CODE_SIGN_IDENTITY = "iPhone Developer";
				COPY_PHASE_STRIP = NO;
				DEBUG_INFORMATION_FORMAT = dwarf;
				ENABLE_STRICT_OBJC_MSGSEND = YES;
				ENABLE_TESTABILITY = YES;
				GCC_C_LANGUAGE_STANDARD = gnu11;
				GCC_DYNAMIC_NO_PIC = NO;
				GCC_NO_COMMON_BLOCKS = YES;
				GCC_OPTIMIZATION_LEVEL = 0;
				GCC_PREPROCESSOR_DEFINITIONS = (
					"DEBUG=1",
					"$(inherited)",
				);
				GCC_WARN_64_TO_32_BIT_CONVERSION = YES;
				GCC_WARN_ABOUT_RETURN_TYPE = YES_ERROR;
				GCC_WARN_UNDECLARED_SELECTOR = YES;
				GCC_WARN_UNINITIALIZED_AUTOS = YES_AGGRESSIVE;
				GCC_WARN_UNUSED_FUNCTION = YES;
				GCC_WARN_UNUSED_VARIABLE = YES;
				IPHONEOS_DEPLOYMENT_TARGET = 12.2;
				MTL_ENABLE_DEBUG_INFO = INCLUDE_SOURCE;
				MTL_FAST_MATH = YES;
				ONLY_ACTIVE_ARCH = YES;
				SDKROOT = iphoneos;
				SWIFT_ACTIVE_COMPILATION_CONDITIONS = DEBUG;
				SWIFT_OPTIMIZATION_LEVEL = "-Onone";
			};
			name = Debug;
		};
		4AD4B84222F46F310087C5B4 /* Release */ = {
			isa = XCBuildConfiguration;
			buildSettings = {
				ALWAYS_SEARCH_USER_PATHS = NO;
				CLANG_ANALYZER_NONNULL = YES;
				CLANG_ANALYZER_NUMBER_OBJECT_CONVERSION = YES_AGGRESSIVE;
				CLANG_CXX_LANGUAGE_STANDARD = "gnu++14";
				CLANG_CXX_LIBRARY = "libc++";
				CLANG_ENABLE_MODULES = YES;
				CLANG_ENABLE_OBJC_ARC = YES;
				CLANG_ENABLE_OBJC_WEAK = YES;
				CLANG_WARN_BLOCK_CAPTURE_AUTORELEASING = YES;
				CLANG_WARN_BOOL_CONVERSION = YES;
				CLANG_WARN_COMMA = YES;
				CLANG_WARN_CONSTANT_CONVERSION = YES;
				CLANG_WARN_DEPRECATED_OBJC_IMPLEMENTATIONS = YES;
				CLANG_WARN_DIRECT_OBJC_ISA_USAGE = YES_ERROR;
				CLANG_WARN_DOCUMENTATION_COMMENTS = YES;
				CLANG_WARN_EMPTY_BODY = YES;
				CLANG_WARN_ENUM_CONVERSION = YES;
				CLANG_WARN_INFINITE_RECURSION = YES;
				CLANG_WARN_INT_CONVERSION = YES;
				CLANG_WARN_NON_LITERAL_NULL_CONVERSION = YES;
				CLANG_WARN_OBJC_IMPLICIT_RETAIN_SELF = YES;
				CLANG_WARN_OBJC_LITERAL_CONVERSION = YES;
				CLANG_WARN_OBJC_ROOT_CLASS = YES_ERROR;
				CLANG_WARN_RANGE_LOOP_ANALYSIS = YES;
				CLANG_WARN_STRICT_PROTOTYPES = YES;
				CLANG_WARN_SUSPICIOUS_MOVE = YES;
				CLANG_WARN_UNGUARDED_AVAILABILITY = YES_AGGRESSIVE;
				CLANG_WARN_UNREACHABLE_CODE = YES;
				CLANG_WARN__DUPLICATE_METHOD_MATCH = YES;
				CODE_SIGN_IDENTITY = "iPhone Developer";
				COPY_PHASE_STRIP = NO;
				DEBUG_INFORMATION_FORMAT = "dwarf-with-dsym";
				ENABLE_NS_ASSERTIONS = NO;
				ENABLE_STRICT_OBJC_MSGSEND = YES;
				GCC_C_LANGUAGE_STANDARD = gnu11;
				GCC_NO_COMMON_BLOCKS = YES;
				GCC_WARN_64_TO_32_BIT_CONVERSION = YES;
				GCC_WARN_ABOUT_RETURN_TYPE = YES_ERROR;
				GCC_WARN_UNDECLARED_SELECTOR = YES;
				GCC_WARN_UNINITIALIZED_AUTOS = YES_AGGRESSIVE;
				GCC_WARN_UNUSED_FUNCTION = YES;
				GCC_WARN_UNUSED_VARIABLE = YES;
				IPHONEOS_DEPLOYMENT_TARGET = 12.2;
				MTL_ENABLE_DEBUG_INFO = NO;
				MTL_FAST_MATH = YES;
				SDKROOT = iphoneos;
				SWIFT_COMPILATION_MODE = wholemodule;
				SWIFT_OPTIMIZATION_LEVEL = "-O";
				VALIDATE_PRODUCT = YES;
			};
			name = Release;
		};
		4AD4B84422F46F310087C5B4 /* Debug */ = {
			isa = XCBuildConfiguration;
			buildSettings = {
				ASSETCATALOG_COMPILER_APPICON_NAME = AppIcon;
				CODE_SIGN_STYLE = Automatic;
				DEVELOPMENT_TEAM = ET6P2N76W8;
				INFOPLIST_FILE = PortraitEffectsMatteSample/Info.plist;
				LD_RUNPATH_SEARCH_PATHS = (
					"$(inherited)",
					"@executable_path/Frameworks",
				);
				PRODUCT_BUNDLE_IDENTIFIER = jp.co.kentat01.PortraitEffectsMatteSample;
				PRODUCT_NAME = "$(TARGET_NAME)";
				SWIFT_VERSION = 5.0;
				TARGETED_DEVICE_FAMILY = "1,2";
			};
			name = Debug;
		};
		4AD4B84522F46F310087C5B4 /* Release */ = {
			isa = XCBuildConfiguration;
			buildSettings = {
				ASSETCATALOG_COMPILER_APPICON_NAME = AppIcon;
				CODE_SIGN_STYLE = Automatic;
				DEVELOPMENT_TEAM = ET6P2N76W8;
				INFOPLIST_FILE = PortraitEffectsMatteSample/Info.plist;
				LD_RUNPATH_SEARCH_PATHS = (
					"$(inherited)",
					"@executable_path/Frameworks",
				);
				PRODUCT_BUNDLE_IDENTIFIER = jp.co.kentat01.PortraitEffectsMatteSample;
				PRODUCT_NAME = "$(TARGET_NAME)";
				SWIFT_VERSION = 5.0;
				TARGETED_DEVICE_FAMILY = "1,2";
			};
			name = Release;
		};
		4AD4B84722F46F310087C5B4 /* Debug */ = {
			isa = XCBuildConfiguration;
			buildSettings = {
				ALWAYS_EMBED_SWIFT_STANDARD_LIBRARIES = YES;
				BUNDLE_LOADER = "$(TEST_HOST)";
				CODE_SIGN_STYLE = Automatic;
				DEVELOPMENT_TEAM = ET6P2N76W8;
				INFOPLIST_FILE = PortraitEffectsMatteSampleTests/Info.plist;
				LD_RUNPATH_SEARCH_PATHS = (
					"$(inherited)",
					"@executable_path/Frameworks",
					"@loader_path/Frameworks",
				);
				PRODUCT_BUNDLE_IDENTIFIER = jp.co.kentat01.PortraitEffectsMatteSampleTests;
				PRODUCT_NAME = "$(TARGET_NAME)";
				SWIFT_VERSION = 5.0;
				TARGETED_DEVICE_FAMILY = "1,2";
				TEST_HOST = "$(BUILT_PRODUCTS_DIR)/PortraitEffectsMatteSample.app/PortraitEffectsMatteSample";
			};
			name = Debug;
		};
		4AD4B84822F46F310087C5B4 /* Release */ = {
			isa = XCBuildConfiguration;
			buildSettings = {
				ALWAYS_EMBED_SWIFT_STANDARD_LIBRARIES = YES;
				BUNDLE_LOADER = "$(TEST_HOST)";
				CODE_SIGN_STYLE = Automatic;
				DEVELOPMENT_TEAM = ET6P2N76W8;
				INFOPLIST_FILE = PortraitEffectsMatteSampleTests/Info.plist;
				LD_RUNPATH_SEARCH_PATHS = (
					"$(inherited)",
					"@executable_path/Frameworks",
					"@loader_path/Frameworks",
				);
				PRODUCT_BUNDLE_IDENTIFIER = jp.co.kentat01.PortraitEffectsMatteSampleTests;
				PRODUCT_NAME = "$(TARGET_NAME)";
				SWIFT_VERSION = 5.0;
				TARGETED_DEVICE_FAMILY = "1,2";
				TEST_HOST = "$(BUILT_PRODUCTS_DIR)/PortraitEffectsMatteSample.app/PortraitEffectsMatteSample";
			};
			name = Release;
		};
/* End XCBuildConfiguration section */

/* Begin XCConfigurationList section */
		4AD4B82122F46F2E0087C5B4 /* Build configuration list for PBXProject "PortraitEffectsMatteSample" */ = {
			isa = XCConfigurationList;
			buildConfigurations = (
				4AD4B84122F46F310087C5B4 /* Debug */,
				4AD4B84222F46F310087C5B4 /* Release */,
			);
			defaultConfigurationIsVisible = 0;
			defaultConfigurationName = Release;
		};
		4AD4B84322F46F310087C5B4 /* Build configuration list for PBXNativeTarget "PortraitEffectsMatteSample" */ = {
			isa = XCConfigurationList;
			buildConfigurations = (
				4AD4B84422F46F310087C5B4 /* Debug */,
				4AD4B84522F46F310087C5B4 /* Release */,
			);
			defaultConfigurationIsVisible = 0;
			defaultConfigurationName = Release;
		};
		4AD4B84622F46F310087C5B4 /* Build configuration list for PBXNativeTarget "PortraitEffectsMatteSampleTests" */ = {
			isa = XCConfigurationList;
			buildConfigurations = (
				4AD4B84722F46F310087C5B4 /* Debug */,
				4AD4B84822F46F310087C5B4 /* Release */,
			);
			defaultConfigurationIsVisible = 0;
			defaultConfigurationName = Release;
		};
/* End XCConfigurationList section */
	};
	rootObject = 4AD4B81E22F46F2E0087C5B4 /* Project object */;
}
